// !$*UTF8*$!
{
	archiveVersion = 1;
	classes = {
	};
	objectVersion = 46;
	objects = {

/* Begin PBXBuildFile section */
		39D9E6181E0F95CB002D742D /* AppDelegate.swift in Sources */ = {isa = PBXBuildFile; fileRef = 39D9E6171E0F95CB002D742D /* AppDelegate.swift */; };
		39D9E61A1E0F95CB002D742D /* ViewController.swift in Sources */ = {isa = PBXBuildFile; fileRef = 39D9E6191E0F95CB002D742D /* ViewController.swift */; };
		39D9E61F1E0F95CB002D742D /* Assets.xcassets in Resources */ = {isa = PBXBuildFile; fileRef = 39D9E61E1E0F95CB002D742D /* Assets.xcassets */; };
		39D9E6221E0F95CB002D742D /* LaunchScreen.storyboard in Resources */ = {isa = PBXBuildFile; fileRef = 39D9E6201E0F95CB002D742D /* LaunchScreen.storyboard */; };
		39D9E62A1E0F961F002D742D /* ModalViewController.swift in Sources */ = {isa = PBXBuildFile; fileRef = 39D9E6291E0F961F002D742D /* ModalViewController.swift */; };
		39D9E62C1E0FB76A002D742D /* BouncePresentAnimation.swift in Sources */ = {isa = PBXBuildFile; fileRef = 39D9E62B1E0FB76A002D742D /* BouncePresentAnimation.swift */; };
		39D9E62E1E0FC249002D742D /* NormalDismissAnimation.swift in Sources */ = {isa = PBXBuildFile; fileRef = 39D9E62D1E0FC249002D742D /* NormalDismissAnimation.swift */; };
		39D9E6301E0FC828002D742D /* SwipeUpInteractiveTransition.swift in Sources */ = {isa = PBXBuildFile; fileRef = 39D9E62F1E0FC828002D742D /* SwipeUpInteractiveTransition.swift */; };
/* End PBXBuildFile section */

/* Begin PBXFileReference section */
		39D9E6141E0F95CB002D742D /* 自定义转场动画练习.app */ = {isa = PBXFileReference; explicitFileType = wrapper.application; includeInIndex = 0; path = "自定义转场动画练习.app"; sourceTree = BUILT_PRODUCTS_DIR; };
		39D9E6171E0F95CB002D742D /* AppDelegate.swift */ = {isa = PBXFileReference; lastKnownFileType = sourcecode.swift; path = AppDelegate.swift; sourceTree = "<group>"; };
		39D9E6191E0F95CB002D742D /* ViewController.swift */ = {isa = PBXFileReference; lastKnownFileType = sourcecode.swift; path = ViewController.swift; sourceTree = "<group>"; };
		39D9E61E1E0F95CB002D742D /* Assets.xcassets */ = {isa = PBXFileReference; lastKnownFileType = folder.assetcatalog; path = Assets.xcassets; sourceTree = "<group>"; };
		39D9E6211E0F95CB002D742D /* Base */ = {isa = PBXFileReference; lastKnownFileType = file.storyboard; name = Base; path = Base.lproj/LaunchScreen.storyboard; sourceTree = "<group>"; };
		39D9E6231E0F95CB002D742D /* Info.plist */ = {isa = PBXFileReference; lastKnownFileType = text.plist.xml; path = Info.plist; sourceTree = "<group>"; };
		39D9E6291E0F961F002D742D /* ModalViewController.swift */ = {isa = PBXFileReference; fileEncoding = 4; lastKnownFileType = sourcecode.swift; path = ModalViewController.swift; sourceTree = "<group>"; };
		39D9E62B1E0FB76A002D742D /* BouncePresentAnimation.swift */ = {isa = PBXFileReference; fileEncoding = 4; lastKnownFileType = sourcecode.swift; path = BouncePresentAnimation.swift; sourceTree = "<group>"; };
		39D9E62D1E0FC249002D742D /* NormalDismissAnimation.swift */ = {isa = PBXFileReference; fileEncoding = 4; lastKnownFileType = sourcecode.swift; path = NormalDismissAnimation.swift; sourceTree = "<group>"; };
		39D9E62F1E0FC828002D742D /* SwipeUpInteractiveTransition.swift */ = {isa = PBXFileReference; fileEncoding = 4; lastKnownFileType = sourcecode.swift; path = SwipeUpInteractiveTransition.swift; sourceTree = "<group>"; };
/* End PBXFileReference section */

/* Begin PBXFrameworksBuildPhase section */
		39D9E6111E0F95CB002D742D /* Frameworks */ = {
			isa = PBXFrameworksBuildPhase;
			buildActionMask = 2147483647;
			files = (
			);
			runOnlyForDeploymentPostprocessing = 0;
		};
/* End PBXFrameworksBuildPhase section */

/* Begin PBXGroup section */
		39D9E60B1E0F95CB002D742D = {
			isa = PBXGroup;
			children = (
				39D9E6161E0F95CB002D742D /* 自定义转场动画练习 */,
				39D9E6151E0F95CB002D742D /* Products */,
			);
			sourceTree = "<group>";
		};
		39D9E6151E0F95CB002D742D /* Products */ = {
			isa = PBXGroup;
			children = (
				39D9E6141E0F95CB002D742D /* 自定义转场动画练习.app */,
			);
			name = Products;
			sourceTree = "<group>";
		};
		39D9E6161E0F95CB002D742D /* 自定义转场动画练习 */ = {
			isa = PBXGroup;
			children = (
				39D9E6171E0F95CB002D742D /* AppDelegate.swift */,
				39D9E6191E0F95CB002D742D /* ViewController.swift */,
				39D9E6291E0F961F002D742D /* ModalViewController.swift */,
				39D9E62B1E0FB76A002D742D /* BouncePresentAnimation.swift */,
				39D9E62D1E0FC249002D742D /* NormalDismissAnimation.swift */,
				39D9E62F1E0FC828002D742D /* SwipeUpInteractiveTransition.swift */,
				39D9E61E1E0F95CB002D742D /* Assets.xcassets */,
				39D9E6201E0F95CB002D742D /* LaunchScreen.storyboard */,
				39D9E6231E0F95CB002D742D /* Info.plist */,
			);
			path = "自定义转场动画练习";
			sourceTree = "<group>";
		};
/* End PBXGroup section */

/* Begin PBXNativeTarget section */
		39D9E6131E0F95CB002D742D /* 自定义转场动画练习 */ = {
			isa = PBXNativeTarget;
			buildConfigurationList = 39D9E6261E0F95CB002D742D /* Build configuration list for PBXNativeTarget "自定义转场动画练习" */;
			buildPhases = (
				39D9E6101E0F95CB002D742D /* Sources */,
				39D9E6111E0F95CB002D742D /* Frameworks */,
				39D9E6121E0F95CB002D742D /* Resources */,
			);
			buildRules = (
			);
			dependencies = (
			);
			name = "自定义转场动画练习";
			productName = "自定义转场动画练习";
			productReference = 39D9E6141E0F95CB002D742D /* 自定义转场动画练习.app */;
			productType = "com.apple.product-type.application";
		};
/* End PBXNativeTarget section */

/* Begin PBXProject section */
		39D9E60C1E0F95CB002D742D /* Project object */ = {
			isa = PBXProject;
			attributes = {
				LastSwiftUpdateCheck = 0820;
				LastUpgradeCheck = 0820;
				ORGANIZATIONNAME = liuzhigao;
				TargetAttributes = {
					39D9E6131E0F95CB002D742D = {
						CreatedOnToolsVersion = 8.2.1;
						DevelopmentTeam = C7DU5W85BL;
						ProvisioningStyle = Automatic;
					};
				};
			};
			buildConfigurationList = 39D9E60F1E0F95CB002D742D /* Build configuration list for PBXProject "自定义转场动画练习" */;
			compatibilityVersion = "Xcode 3.2";
			developmentRegion = English;
			hasScannedForEncodings = 0;
			knownRegions = (
				en,
				Base,
			);
			mainGroup = 39D9E60B1E0F95CB002D742D;
			productRefGroup = 39D9E6151E0F95CB002D742D /* Products */;
			projectDirPath = "";
			projectRoot = "";
			targets = (
				39D9E6131E0F95CB002D742D /* 自定义转场动画练习 */,
			);
		};
/* End PBXProject section */

/* Begin PBXResourcesBuildPhase section */
		39D9E6121E0F95CB002D742D /* Resources */ = {
			isa = PBXResourcesBuildPhase;
			buildActionMask = 2147483647;
			files = (
				39D9E6221E0F95CB002D742D /* LaunchScreen.storyboard in Resources */,
				39D9E61F1E0F95CB002D742D /* Assets.xcassets in Resources */,
			);
			runOnlyForDeploymentPostprocessing = 0;
		};
/* End PBXResourcesBuildPhase section */

/* Begin PBXSourcesBuildPhase section */
		39D9E6101E0F95CB002D742D /* Sources */ = {
			isa = PBXSourcesBuildPhase;
			buildActionMask = 2147483647;
			files = (
				39D9E62C1E0FB76A002D742D /* BouncePresentAnimation.swift in Sources */,
				39D9E61A1E0F95CB002D742D /* ViewController.swift in Sources */,
				39D9E62A1E0F961F002D742D /* ModalViewController.swift in Sources */,
				39D9E6301E0FC828002D742D /* SwipeUpInteractiveTransition.swift in Sources */,
				39D9E62E1E0FC249002D742D /* NormalDismissAnimation.swift in Sources */,
				39D9E6181E0F95CB002D742D /* AppDelegate.swift in Sources */,
			);
			runOnlyForDeploymentPostprocessing = 0;
		};
/* End PBXSourcesBuildPhase section */

/* Begin PBXVariantGroup section */
		39D9E6201E0F95CB002D742D /* LaunchScreen.storyboard */ = {
			isa = PBXVariantGroup;
			children = (
				39D9E6211E0F95CB002D742D /* Base */,
			);
			name = LaunchScreen.storyboard;
			sourceTree = "<group>";
		};
/* End PBXVariantGroup section */

/* Begin XCBuildConfiguration section */
		39D9E6241E0F95CB002D742D /* Debug */ = {
			isa = XCBuildConfiguration;
			buildSettings = {
				ALWAYS_SEARCH_USER_PATHS = NO;
				CLANG_ANALYZER_NONNULL = YES;
				CLANG_CXX_LANGUAGE_STANDARD = "gnu++0x";
				CLANG_CXX_LIBRARY = "libc++";
				CLANG_ENABLE_MODULES = YES;
				CLANG_ENABLE_OBJC_ARC = YES;
				CLANG_WARN_BOOL_CONVERSION = YES;
				CLANG_WARN_CONSTANT_CONVERSION = YES;
				CLANG_WARN_DIRECT_OBJC_ISA_USAGE = YES_ERROR;
				CLANG_WARN_DOCUMENTATION_COMMENTS = YES;
				CLANG_WARN_EMPTY_BODY = YES;
				CLANG_WARN_ENUM_CONVERSION = YES;
				CLANG_WARN_INFINITE_RECURSION = YES;
				CLANG_WARN_INT_CONVERSION = YES;
				CLANG_WARN_OBJC_ROOT_CLASS = YES_ERROR;
				CLANG_WARN_SUSPICIOUS_MOVE = YES;
				CLANG_WARN_UNREACHABLE_CODE = YES;
				CLANG_WARN__DUPLICATE_METHOD_MATCH = YES;
				"CODE_SIGN_IDENTITY[sdk=iphoneos*]" = "iPhone Developer";
				COPY_PHASE_STRIP = NO;
				DEBUG_INFORMATION_FORMAT = dwarf;
				ENABLE_STRICT_OBJC_MSGSEND = YES;
				ENABLE_TESTABILITY = YES;
				GCC_C_LANGUAGE_STANDARD = gnu99;
				GCC_DYNAMIC_NO_PIC = NO;
				GCC_NO_COMMON_BLOCKS = YES;
				GCC_OPTIMIZATION_LEVEL = 0;
				GCC_PREPROCESSOR_DEFINITIONS = (
					"DEBUG=1",
					"$(inherited)",
				);
				GCC_WARN_64_TO_32_BIT_CONVERSION = YES;
				GCC_WARN_ABOUT_RETURN_TYPE = YES_ERROR;
				GCC_WARN_UNDECLARED_SELECTOR = YES;
				GCC_WARN_UNINITIALIZED_AUTOS = YES_AGGRESSIVE;
				GCC_WARN_UNUSED_FUNCTION = YES;
				GCC_WARN_UNUSED_VARIABLE = YES;
				IPHONEOS_DEPLOYMENT_TARGET = 10.2;
				MTL_ENABLE_DEBUG_INFO = YES;
				ONLY_ACTIVE_ARCH = YES;
				SDKROOT = iphoneos;
				SWIFT_ACTIVE_COMPILATION_CONDITIONS = DEBUG;
				SWIFT_OPTIMIZATION_LEVEL = "-Onone";
				TARGETED_DEVICE_FAMILY = "1,2";
			};
			name = Debug;
		};
		39D9E6251E0F95CB002D742D /* Release */ = {
			isa = XCBuildConfiguration;
			buildSettings = {
				ALWAYS_SEARCH_USER_PATHS = NO;
				CLANG_ANALYZER_NONNULL = YES;
				CLANG_CXX_LANGUAGE_STANDARD = "gnu++0x";
				CLANG_CXX_LIBRARY = "libc++";
				CLANG_ENABLE_MODULES = YES;
				CLANG_ENABLE_OBJC_ARC = YES;
				CLANG_WARN_BOOL_CONVERSION = YES;
				CLANG_WARN_CONSTANT_CONVERSION = YES;
				CLANG_WARN_DIRECT_OBJC_ISA_USAGE = YES_ERROR;
				CLANG_WARN_DOCUMENTATION_COMMENTS = YES;
				CLANG_WARN_EMPTY_BODY = YES;
				CLANG_WARN_ENUM_CONVERSION = YES;
				CLANG_WARN_INFINITE_RECURSION = YES;
				CLANG_WARN_INT_CONVERSION = YES;
				CLANG_WARN_OBJC_ROOT_CLASS = YES_ERROR;
				CLANG_WARN_SUSPICIOUS_MOVE = YES;
				CLANG_WARN_UNREACHABLE_CODE = YES;
				CLANG_WARN__DUPLICATE_METHOD_MATCH = YES;
				"CODE_SIGN_IDENTITY[sdk=iphoneos*]" = "iPhone Developer";
				COPY_PHASE_STRIP = NO;
				DEBUG_INFORMATION_FORMAT = "dwarf-with-dsym";
				ENABLE_NS_ASSERTIONS = NO;
				ENABLE_STRICT_OBJC_MSGSEND = YES;
				GCC_C_LANGUAGE_STANDARD = gnu99;
				GCC_NO_COMMON_BLOCKS = YES;
				GCC_WARN_64_TO_32_BIT_CONVERSION = YES;
				GCC_WARN_ABOUT_RETURN_TYPE = YES_ERROR;
				GCC_WARN_UNDECLARED_SELECTOR = YES;
				GCC_WARN_UNINITIALIZED_AUTOS = YES_AGGRESSIVE;
				GCC_WARN_UNUSED_FUNCTION = YES;
				GCC_WARN_UNUSED_VARIABLE = YES;
				IPHONEOS_DEPLOYMENT_TARGET = 10.2;
				MTL_ENABLE_DEBUG_INFO = NO;
				SDKROOT = iphoneos;
				SWIFT_OPTIMIZATION_LEVEL = "-Owholemodule";
				TARGETED_DEVICE_FAMILY = "1,2";
				VALIDATE_PRODUCT = YES;
			};
			name = Release;
		};
		39D9E6271E0F95CB002D742D /* Debug */ = {
			isa = XCBuildConfiguration;
			buildSettings = {
				ASSETCATALOG_COMPILER_APPICON_NAME = AppIcon;
				DEVELOPMENT_TEAM = C7DU5W85BL;
				INFOPLIST_FILE = "自定义转场动画练习/Info.plist";
				LD_RUNPATH_SEARCH_PATHS = "$(inherited) @executable_path/Frameworks";
				PRODUCT_BUNDLE_IDENTIFIER = "com.---------";
				PRODUCT_NAME = "$(TARGET_NAME)";
				SWIFT_VERSION = 3.0;
			};
			name = Debug;
		};
		39D9E6281E0F95CB002D742D /* Release */ = {
			isa = XCBuildConfiguration;
			buildSettings = {
				ASSETCATALOG_COMPILER_APPICON_NAME = AppIcon;
				DEVELOPMENT_TEAM = C7DU5W85BL;
				INFOPLIST_FILE = "自定义转场动画练习/Info.plist";
				LD_RUNPATH_SEARCH_PATHS = "$(inherited) @executable_path/Frameworks";
				PRODUCT_BUNDLE_IDENTIFIER = "com.---------";
				PRODUCT_NAME = "$(TARGET_NAME)";
				SWIFT_VERSION = 3.0;
			};
			name = Release;
		};
/* End XCBuildConfiguration section */

/* Begin XCConfigurationList section */
		39D9E60F1E0F95CB002D742D /* Build configuration list for PBXProject "自定义转场动画练习" */ = {
			isa = XCConfigurationList;
			buildConfigurations = (
				39D9E6241E0F95CB002D742D /* Debug */,
				39D9E6251E0F95CB002D742D /* Release */,
			);
			defaultConfigurationIsVisible = 0;
			defaultConfigurationName = Release;
		};
		39D9E6261E0F95CB002D742D /* Build configuration list for PBXNativeTarget "自定义转场动画练习" */ = {
			isa = XCConfigurationList;
			buildConfigurations = (
				39D9E6271E0F95CB002D742D /* Debug */,
				39D9E6281E0F95CB002D742D /* Release */,
			);
			defaultConfigurationIsVisible = 0;
		};
/* End XCConfigurationList section */
	};
	rootObject = 39D9E60C1E0F95CB002D742D /* Project object */;
}
